
Microsoft Visual Studio Solution File, Format Version 12.00
# Visual Studio Version 17
VisualStudioVersion = 17.8.34330.188
MinimumVisualStudioVersion = 10.0.40219.1
Project("{9A19103F-16F7-4668-BE54-9A1E7A4F7556}") = "DistributedSystem", "DistributedSystem\DistributedSystem.csproj", "{951EA9C2-B500-40F0-883F-798F2769A196}"
EndProject
Project("{E53339B2-1760-4266-BCC7-CA923CBCF16C}") = "docker-compose", "docker-compose.dcproj", "{88E8DFFB-810C-4184-BAEF-B691B5BB52AB}"
EndProject
Project("{9A19103F-16F7-4668-BE54-9A1E7A4F7556}") = "ConsumerLinks", "ConsumerLinks\ConsumerLinks.csproj", "{5064DDB5-C4CE-4C04-9A89-AE02264D3500}"
EndProject
Global
	GlobalSection(SolutionConfigurationPlatforms) = preSolution
		Debug|Any CPU = Debug|Any CPU
		Release|Any CPU = Release|Any CPU
	EndGlobalSection
	GlobalSection(ProjectConfigurationPlatforms) = postSolution
		{951EA9C2-B500-40F0-883F-798F2769A196}.Debug|Any CPU.ActiveCfg = Debug|Any CPU
		{951EA9C2-B500-40F0-883F-798F2769A196}.Debug|Any CPU.Build.0 = Debug|Any CPU
		{951EA9C2-B500-40F0-883F-798F2769A196}.Release|Any CPU.ActiveCfg = Release|Any CPU
		{951EA9C2-B500-40F0-883F-798F2769A196}.Release|Any CPU.Build.0 = Release|Any CPU
		{88E8DFFB-810C-4184-BAEF-B691B5BB52AB}.Debug|Any CPU.ActiveCfg = Debug|Any CPU
		{88E8DFFB-810C-4184-BAEF-B691B5BB52AB}.Debug|Any CPU.Build.0 = Debug|Any CPU
		{88E8DFFB-810C-4184-BAEF-B691B5BB52AB}.Release|Any CPU.ActiveCfg = Release|Any CPU
		{88E8DFFB-810C-4184-BAEF-B691B5BB52AB}.Release|Any CPU.Build.0 = Release|Any CPU
		{5064DDB5-C4CE-4C04-9A89-AE02264D3500}.Debug|Any CPU.ActiveCfg = Debug|Any CPU
		{5064DDB5-C4CE-4C04-9A89-AE02264D3500}.Debug|Any CPU.Build.0 = Debug|Any CPU
		{5064DDB5-C4CE-4C04-9A89-AE02264D3500}.Release|Any CPU.ActiveCfg = Release|Any CPU
		{5064DDB5-C4CE-4C04-9A89-AE02264D3500}.Release|Any CPU.Build.0 = Release|Any CPU
	EndGlobalSection
	GlobalSection(SolutionProperties) = preSolution
		HideSolutionNode = FALSE
	EndGlobalSection
	GlobalSection(ExtensibilityGlobals) = postSolution
		SolutionGuid = {730B1264-C20F-439F-93D3-C63BA3C13960}
	EndGlobalSection
EndGlobal
